{
  "originHash" : "67eed6fa1e1bb6998c323da01a425aed354d4fb8776803ffdb8cd35732dd4705",
  "pins" : [
    {
      "identity" : "alamofire",
      "kind" : "remoteSourceControl",
      "location" : "https://github.com/Alamofire/Alamofire.git",
      "state" : {
        "revision" : "3f99050e75bbc6fe71fc323adabb039756680016",
        "version" : "5.11.1"
      }
    },
    {
      "identity" : "alamofireimage",
      "kind" : "remoteSourceControl",
      "location" : "https://github.com/Alamofire/AlamofireImage.git",
      "state" : {
        "revision" : "1eaf3b6c6882bed10f6e7b119665599dd2329aa1",
        "version" : "4.3.0"
      }
    },
    {
      "identity" : "cache",
      "kind" : "remoteSourceControl",
      "location" : "https://github.com/hyperoslo/Cache.git",
      "state" : {
        "revision" : "ad6abdf2a3a866288a7dad2c4e13379406002a81",
        "version" : "6.2.0"
      }
    },
    {
      "identity" : "parallaxview",
      "kind" : "remoteSourceControl",
      "location" : "https://github.com/PGSSoft/ParallaxView",
      "state" : {
        "revision" : "a4165b0edd9c9c923a1d6e3e4c9a807302a1a475",
        "version" : "3.1.2"
      }
    },
    {
      "identity" : "swift-log",
      "kind" : "remoteSourceControl",
      "location" : "https://github.com/apple/swift-log.git",
      "state" : {
        "revision" : "8c0f217f01000dd30f60d6e536569ad4e74291f9",
        "version" : "1.11.0"
      }
    },
    {
      "identity" : "swiftdate",
      "kind" : "remoteSourceControl",
      "location" : "https://github.com/malcommac/SwiftDate.git",
      "state" : {
        "revision" : "5d943224c3bb173e6ecf27295611615eba90c80e",
        "version" : "7.0.0"
      }
    },
    {
      "identity" : "uickeychainstore",
      "kind" : "remoteSourceControl",
      "location" : "https://github.com/kishikawakatsumi/UICKeyChainStore.git",
      "state" : {
        "branch" : "master",
        "revision" : "db869212bc69b6198a62efe03e2f5fc8e19c6b65"
      }
    }
  ],
  "version" : 3
}
